// !$*UTF8*$!
{
	archiveVersion = 1;
	classes = {
	};
	objectVersion = 46;
	objects = {

/* Begin PBXBuildFile section */
		B77DCDC416DFC80100A90B3B /* RecentPhotosManager.m in Sources */ = {isa = PBXBuildFile; fileRef = B77DCDC316DFC80100A90B3B /* RecentPhotosManager.m */; };
		B77DCDC716DFCE2100A90B3B /* FeaturedPhotosViewController.m in Sources */ = {isa = PBXBuildFile; fileRef = B77DCDC616DFCE2100A90B3B /* FeaturedPhotosViewController.m */; };
		B77DCDCA16DFCEFA00A90B3B /* RecentPhotosViewController.m in Sources */ = {isa = PBXBuildFile; fileRef = B77DCDC916DFCEF900A90B3B /* RecentPhotosViewController.m */; };
		B77DCDCD16DFE6E000A90B3B /* AttributedStringViewController.m in Sources */ = {isa = PBXBuildFile; fileRef = B77DCDCC16DFE6E000A90B3B /* AttributedStringViewController.m */; };
		B78FABE716DEA01300D63E22 /* UIKit.framework in Frameworks */ = {isa = PBXBuildFile; fileRef = B78FABE616DEA01300D63E22 /* UIKit.framework */; };
		B78FABE916DEA01300D63E22 /* Foundation.framework in Frameworks */ = {isa = PBXBuildFile; fileRef = B78FABE816DEA01300D63E22 /* Foundation.framework */; };
		B78FABEB16DEA01300D63E22 /* CoreGraphics.framework in Frameworks */ = {isa = PBXBuildFile; fileRef = B78FABEA16DEA01300D63E22 /* CoreGraphics.framework */; };
		B78FABF116DEA01300D63E22 /* InfoPlist.strings in Resources */ = {isa = PBXBuildFile; fileRef = B78FABEF16DEA01300D63E22 /* InfoPlist.strings */; };
		B78FABF316DEA01300D63E22 /* main.m in Sources */ = {isa = PBXBuildFile; fileRef = B78FABF216DEA01300D63E22 /* main.m */; };
		B78FABF716DEA01300D63E22 /* SPoTAppDelegate.m in Sources */ = {isa = PBXBuildFile; fileRef = B78FABF616DEA01300D63E22 /* SPoTAppDelegate.m */; };
		B78FAC0016DEA01300D63E22 /* MainStoryboard_iPhone.storyboard in Resources */ = {isa = PBXBuildFile; fileRef = B78FABFE16DEA01300D63E22 /* MainStoryboard_iPhone.storyboard */; };
		B78FAC0316DEA01300D63E22 /* MainStoryboard_iPad.storyboard in Resources */ = {isa = PBXBuildFile; fileRef = B78FAC0116DEA01300D63E22 /* MainStoryboard_iPad.storyboard */; };
		B78FAC2916DEA19300D63E22 /* Default-568h@2x.png in Resources */ = {isa = PBXBuildFile; fileRef = B78FAC1F16DEA19300D63E22 /* Default-568h@2x.png */; };
		B78FAC2A16DEA19300D63E22 /* Default.png in Resources */ = {isa = PBXBuildFile; fileRef = B78FAC2016DEA19300D63E22 /* Default.png */; };
		B78FAC2B16DEA19300D63E22 /* Default@2x.png in Resources */ = {isa = PBXBuildFile; fileRef = B78FAC2116DEA19300D63E22 /* Default@2x.png */; };
		B78FAC2C16DEA19300D63E22 /* first.png in Resources */ = {isa = PBXBuildFile; fileRef = B78FAC2216DEA19300D63E22 /* first.png */; };
		B78FAC2D16DEA19300D63E22 /* first@2x.png in Resources */ = {isa = PBXBuildFile; fileRef = B78FAC2316DEA19300D63E22 /* first@2x.png */; };
		B78FAC2E16DEA19300D63E22 /* second.png in Resources */ = {isa = PBXBuildFile; fileRef = B78FAC2416DEA19300D63E22 /* second.png */; };
		B78FAC2F16DEA19300D63E22 /* second@2x.png in Resources */ = {isa = PBXBuildFile; fileRef = B78FAC2516DEA19300D63E22 /* second@2x.png */; };
		B78FAC3416DED6EB00D63E22 /* FlickrFetcher.m in Sources */ = {isa = PBXBuildFile; fileRef = B78FAC3316DED6EB00D63E22 /* FlickrFetcher.m */; };
		B78FAC3716DED9AC00D63E22 /* FlickrPhotoTVC.m in Sources */ = {isa = PBXBuildFile; fileRef = B78FAC3616DED9AC00D63E22 /* FlickrPhotoTVC.m */; };
		B78FAC3A16DEDB4E00D63E22 /* ImageViewController.m in Sources */ = {isa = PBXBuildFile; fileRef = B78FAC3916DEDB4E00D63E22 /* ImageViewController.m */; };
		B78FAC4016DEE52200D63E22 /* TagsViewController.m in Sources */ = {isa = PBXBuildFile; fileRef = B78FAC3F16DEE52200D63E22 /* TagsViewController.m */; };
		B794821D16E01E4600258F9D /* NetworkActivityIndicatorManager.m in Sources */ = {isa = PBXBuildFile; fileRef = B794821C16E01E4600258F9D /* NetworkActivityIndicatorManager.m */; };
		B7ADFE3A16E10B91002EF93C /* ImageCacheManager.m in Sources */ = {isa = PBXBuildFile; fileRef = B7ADFE3916E10B91002EF93C /* ImageCacheManager.m */; };
/* End PBXBuildFile section */

/* Begin PBXFileReference section */
		B77DCDC216DFC80100A90B3B /* RecentPhotosManager.h */ = {isa = PBXFileReference; fileEncoding = 4; lastKnownFileType = sourcecode.c.h; path = RecentPhotosManager.h; sourceTree = "<group>"; };
		B77DCDC316DFC80100A90B3B /* RecentPhotosManager.m */ = {isa = PBXFileReference; fileEncoding = 4; lastKnownFileType = sourcecode.c.objc; path = RecentPhotosManager.m; sourceTree = "<group>"; };
		B77DCDC516DFCE2100A90B3B /* FeaturedPhotosViewController.h */ = {isa = PBXFileReference; fileEncoding = 4; lastKnownFileType = sourcecode.c.h; path = FeaturedPhotosViewController.h; sourceTree = "<group>"; };
		B77DCDC616DFCE2100A90B3B /* FeaturedPhotosViewController.m */ = {isa = PBXFileReference; fileEncoding = 4; lastKnownFileType = sourcecode.c.objc; path = FeaturedPhotosViewController.m; sourceTree = "<group>"; };
		B77DCDC816DFCEF900A90B3B /* RecentPhotosViewController.h */ = {isa = PBXFileReference; fileEncoding = 4; lastKnownFileType = sourcecode.c.h; path = RecentPhotosViewController.h; sourceTree = "<group>"; };
		B77DCDC916DFCEF900A90B3B /* RecentPhotosViewController.m */ = {isa = PBXFileReference; fileEncoding = 4; lastKnownFileType = sourcecode.c.objc; path = RecentPhotosViewController.m; sourceTree = "<group>"; };
		B77DCDCB16DFE6E000A90B3B /* AttributedStringViewController.h */ = {isa = PBXFileReference; fileEncoding = 4; lastKnownFileType = sourcecode.c.h; path = AttributedStringViewController.h; sourceTree = "<group>"; };
		B77DCDCC16DFE6E000A90B3B /* AttributedStringViewController.m */ = {isa = PBXFileReference; fileEncoding = 4; lastKnownFileType = sourcecode.c.objc; path = AttributedStringViewController.m; sourceTree = "<group>"; };
		B78FABE316DEA01300D63E22 /* SPoT.app */ = {isa = PBXFileReference; explicitFileType = wrapper.application; includeInIndex = 0; path = SPoT.app; sourceTree = BUILT_PRODUCTS_DIR; };
		B78FABE616DEA01300D63E22 /* UIKit.framework */ = {isa = PBXFileReference; lastKnownFileType = wrapper.framework; name = UIKit.framework; path = System/Library/Frameworks/UIKit.framework; sourceTree = SDKROOT; };
		B78FABE816DEA01300D63E22 /* Foundation.framework */ = {isa = PBXFileReference; lastKnownFileType = wrapper.framework; name = Foundation.framework; path = System/Library/Frameworks/Foundation.framework; sourceTree = SDKROOT; };
		B78FABEA16DEA01300D63E22 /* CoreGraphics.framework */ = {isa = PBXFileReference; lastKnownFileType = wrapper.framework; name = CoreGraphics.framework; path = System/Library/Frameworks/CoreGraphics.framework; sourceTree = SDKROOT; };
		B78FABEE16DEA01300D63E22 /* SPoT-Info.plist */ = {isa = PBXFileReference; lastKnownFileType = text.plist.xml; path = "SPoT-Info.plist"; sourceTree = "<group>"; };
		B78FABF016DEA01300D63E22 /* en */ = {isa = PBXFileReference; lastKnownFileType = text.plist.strings; name = en; path = en.lproj/InfoPlist.strings; sourceTree = "<group>"; };
		B78FABF216DEA01300D63E22 /* main.m */ = {isa = PBXFileReference; lastKnownFileType = sourcecode.c.objc; path = main.m; sourceTree = "<group>"; };
		B78FABF416DEA01300D63E22 /* SPoT-Prefix.pch */ = {isa = PBXFileReference; lastKnownFileType = sourcecode.c.h; path = "SPoT-Prefix.pch"; sourceTree = "<group>"; };
		B78FABF516DEA01300D63E22 /* SPoTAppDelegate.h */ = {isa = PBXFileReference; lastKnownFileType = sourcecode.c.h; path = SPoTAppDelegate.h; sourceTree = "<group>"; };
		B78FABF616DEA01300D63E22 /* SPoTAppDelegate.m */ = {isa = PBXFileReference; lastKnownFileType = sourcecode.c.objc; path = SPoTAppDelegate.m; sourceTree = "<group>"; };
		B78FABFF16DEA01300D63E22 /* en */ = {isa = PBXFileReference; lastKnownFileType = file.storyboard; name = en; path = en.lproj/MainStoryboard_iPhone.storyboard; sourceTree = "<group>"; };
		B78FAC0216DEA01300D63E22 /* en */ = {isa = PBXFileReference; lastKnownFileType = file.storyboard; name = en; path = en.lproj/MainStoryboard_iPad.storyboard; sourceTree = "<group>"; };
		B78FAC1F16DEA19300D63E22 /* Default-568h@2x.png */ = {isa = PBXFileReference; lastKnownFileType = image.png; path = "Default-568h@2x.png"; sourceTree = "<group>"; };
		B78FAC2016DEA19300D63E22 /* Default.png */ = {isa = PBXFileReference; lastKnownFileType = image.png; path = Default.png; sourceTree = "<group>"; };
		B78FAC2116DEA19300D63E22 /* Default@2x.png */ = {isa = PBXFileReference; lastKnownFileType = image.png; path = "Default@2x.png"; sourceTree = "<group>"; };
		B78FAC2216DEA19300D63E22 /* first.png */ = {isa = PBXFileReference; lastKnownFileType = image.png; path = first.png; sourceTree = "<group>"; };
		B78FAC2316DEA19300D63E22 /* first@2x.png */ = {isa = PBXFileReference; lastKnownFileType = image.png; path = "first@2x.png"; sourceTree = "<group>"; };
		B78FAC2416DEA19300D63E22 /* second.png */ = {isa = PBXFileReference; lastKnownFileType = image.png; path = second.png; sourceTree = "<group>"; };
		B78FAC2516DEA19300D63E22 /* second@2x.png */ = {isa = PBXFileReference; lastKnownFileType = image.png; path = "second@2x.png"; sourceTree = "<group>"; };
		B78FAC3116DED6EB00D63E22 /* FlickrAPIKey.h */ = {isa = PBXFileReference; fileEncoding = 4; lastKnownFileType = sourcecode.c.h; path = FlickrAPIKey.h; sourceTree = "<group>"; };
		B78FAC3216DED6EB00D63E22 /* FlickrFetcher.h */ = {isa = PBXFileReference; fileEncoding = 4; lastKnownFileType = sourcecode.c.h; path = FlickrFetcher.h; sourceTree = "<group>"; };
		B78FAC3316DED6EB00D63E22 /* FlickrFetcher.m */ = {isa = PBXFileReference; fileEncoding = 4; lastKnownFileType = sourcecode.c.objc; path = FlickrFetcher.m; sourceTree = "<group>"; };
		B78FAC3516DED9AC00D63E22 /* FlickrPhotoTVC.h */ = {isa = PBXFileReference; fileEncoding = 4; lastKnownFileType = sourcecode.c.h; path = FlickrPhotoTVC.h; sourceTree = "<group>"; };
		B78FAC3616DED9AC00D63E22 /* FlickrPhotoTVC.m */ = {isa = PBXFileReference; fileEncoding = 4; lastKnownFileType = sourcecode.c.objc; path = FlickrPhotoTVC.m; sourceTree = "<group>"; };
		B78FAC3816DEDB4E00D63E22 /* ImageViewController.h */ = {isa = PBXFileReference; fileEncoding = 4; lastKnownFileType = sourcecode.c.h; path = ImageViewController.h; sourceTree = "<group>"; };
		B78FAC3916DEDB4E00D63E22 /* ImageViewController.m */ = {isa = PBXFileReference; fileEncoding = 4; lastKnownFileType = sourcecode.c.objc; path = ImageViewController.m; sourceTree = "<group>"; };
		B78FAC3E16DEE52200D63E22 /* TagsViewController.h */ = {isa = PBXFileReference; fileEncoding = 4; lastKnownFileType = sourcecode.c.h; path = TagsViewController.h; sourceTree = "<group>"; };
		B78FAC3F16DEE52200D63E22 /* TagsViewController.m */ = {isa = PBXFileReference; fileEncoding = 4; lastKnownFileType = sourcecode.c.objc; path = TagsViewController.m; sourceTree = "<group>"; };
		B794821B16E01E4600258F9D /* NetworkActivityIndicatorManager.h */ = {isa = PBXFileReference; fileEncoding = 4; lastKnownFileType = sourcecode.c.h; path = NetworkActivityIndicatorManager.h; sourceTree = "<group>"; };
		B794821C16E01E4600258F9D /* NetworkActivityIndicatorManager.m */ = {isa = PBXFileReference; fileEncoding = 4; lastKnownFileType = sourcecode.c.objc; path = NetworkActivityIndicatorManager.m; sourceTree = "<group>"; };
		B7ADFE3816E10B91002EF93C /* ImageCacheManager.h */ = {isa = PBXFileReference; fileEncoding = 4; lastKnownFileType = sourcecode.c.h; path = ImageCacheManager.h; sourceTree = "<group>"; };
		B7ADFE3916E10B91002EF93C /* ImageCacheManager.m */ = {isa = PBXFileReference; fileEncoding = 4; lastKnownFileType = sourcecode.c.objc; path = ImageCacheManager.m; sourceTree = "<group>"; };
/* End PBXFileReference section */

/* Begin PBXFrameworksBuildPhase section */
		B78FABE016DEA01300D63E22 /* Frameworks */ = {
			isa = PBXFrameworksBuildPhase;
			buildActionMask = 2147483647;
			files = (
				B78FABE716DEA01300D63E22 /* UIKit.framework in Frameworks */,
				B78FABE916DEA01300D63E22 /* Foundation.framework in Frameworks */,
				B78FABEB16DEA01300D63E22 /* CoreGraphics.framework in Frameworks */,
			);
			runOnlyForDeploymentPostprocessing = 0;
		};
/* End PBXFrameworksBuildPhase section */

/* Begin PBXGroup section */
		B78FABDA16DEA01300D63E22 = {
			isa = PBXGroup;
			children = (
				B78FABEC16DEA01300D63E22 /* SPoT */,
				B78FABE516DEA01300D63E22 /* Frameworks */,
				B78FABE416DEA01300D63E22 /* Products */,
			);
			sourceTree = "<group>";
		};
		B78FABE416DEA01300D63E22 /* Products */ = {
			isa = PBXGroup;
			children = (
				B78FABE316DEA01300D63E22 /* SPoT.app */,
			);
			name = Products;
			sourceTree = "<group>";
		};
		B78FABE516DEA01300D63E22 /* Frameworks */ = {
			isa = PBXGroup;
			children = (
				B78FABE616DEA01300D63E22 /* UIKit.framework */,
				B78FABE816DEA01300D63E22 /* Foundation.framework */,
				B78FABEA16DEA01300D63E22 /* CoreGraphics.framework */,
			);
			name = Frameworks;
			sourceTree = "<group>";
		};
		B78FABEC16DEA01300D63E22 /* SPoT */ = {
			isa = PBXGroup;
			children = (
				B78FAC3016DED6EB00D63E22 /* FlickrFetcher */,
				B78FAC2616DEA19300D63E22 /* Model */,
				B78FAC1916DEA19300D63E22 /* Controller */,
				B78FAC1E16DEA19300D63E22 /* Design */,
				B78FABFE16DEA01300D63E22 /* MainStoryboard_iPhone.storyboard */,
				B78FAC0116DEA01300D63E22 /* MainStoryboard_iPad.storyboard */,
				B78FABED16DEA01300D63E22 /* Supporting Files */,
			);
			path = SPoT;
			sourceTree = "<group>";
		};
		B78FABED16DEA01300D63E22 /* Supporting Files */ = {
			isa = PBXGroup;
			children = (
				B78FABF516DEA01300D63E22 /* SPoTAppDelegate.h */,
				B78FABF616DEA01300D63E22 /* SPoTAppDelegate.m */,
				B78FABEE16DEA01300D63E22 /* SPoT-Info.plist */,
				B78FABEF16DEA01300D63E22 /* InfoPlist.strings */,
				B78FABF216DEA01300D63E22 /* main.m */,
				B78FABF416DEA01300D63E22 /* SPoT-Prefix.pch */,
			);
			name = "Supporting Files";
			sourceTree = "<group>";
		};
		B78FAC1916DEA19300D63E22 /* Controller */ = {
			isa = PBXGroup;
			children = (
				B78FAC3816DEDB4E00D63E22 /* ImageViewController.h */,
				B78FAC3916DEDB4E00D63E22 /* ImageViewController.m */,
				B78FAC3516DED9AC00D63E22 /* FlickrPhotoTVC.h */,
				B78FAC3616DED9AC00D63E22 /* FlickrPhotoTVC.m */,
				B78FAC3E16DEE52200D63E22 /* TagsViewController.h */,
				B78FAC3F16DEE52200D63E22 /* TagsViewController.m */,
				B77DCDC516DFCE2100A90B3B /* FeaturedPhotosViewController.h */,
				B77DCDC616DFCE2100A90B3B /* FeaturedPhotosViewController.m */,
				B77DCDC816DFCEF900A90B3B /* RecentPhotosViewController.h */,
				B77DCDC916DFCEF900A90B3B /* RecentPhotosViewController.m */,
				B77DCDCB16DFE6E000A90B3B /* AttributedStringViewController.h */,
				B77DCDCC16DFE6E000A90B3B /* AttributedStringViewController.m */,
			);
			path = Controller;
			sourceTree = "<group>";
		};
		B78FAC1E16DEA19300D63E22 /* Design */ = {
			isa = PBXGroup;
			children = (
				B78FAC1F16DEA19300D63E22 /* Default-568h@2x.png */,
				B78FAC2016DEA19300D63E22 /* Default.png */,
				B78FAC2116DEA19300D63E22 /* Default@2x.png */,
				B78FAC2216DEA19300D63E22 /* first.png */,
				B78FAC2316DEA19300D63E22 /* first@2x.png */,
				B78FAC2416DEA19300D63E22 /* second.png */,
				B78FAC2516DEA19300D63E22 /* second@2x.png */,
			);
			path = Design;
			sourceTree = "<group>";
		};
		B78FAC2616DEA19300D63E22 /* Model */ = {
			isa = PBXGroup;
			children = (
				B77DCDC216DFC80100A90B3B /* RecentPhotosManager.h */,
				B77DCDC316DFC80100A90B3B /* RecentPhotosManager.m */,
				B794821B16E01E4600258F9D /* NetworkActivityIndicatorManager.h */,
				B794821C16E01E4600258F9D /* NetworkActivityIndicatorManager.m */,
				B7ADFE3816E10B91002EF93C /* ImageCacheManager.h */,
				B7ADFE3916E10B91002EF93C /* ImageCacheManager.m */,
			);
			path = Model;
			sourceTree = "<group>";
		};
		B78FAC3016DED6EB00D63E22 /* FlickrFetcher */ = {
			isa = PBXGroup;
			children = (
				B78FAC3116DED6EB00D63E22 /* FlickrAPIKey.h */,
				B78FAC3216DED6EB00D63E22 /* FlickrFetcher.h */,
				B78FAC3316DED6EB00D63E22 /* FlickrFetcher.m */,
			);
			path = FlickrFetcher;
			sourceTree = "<group>";
		};
/* End PBXGroup section */

/* Begin PBXNativeTarget section */
		B78FABE216DEA01300D63E22 /* SPoT */ = {
			isa = PBXNativeTarget;
			buildConfigurationList = B78FAC1416DEA01300D63E22 /* Build configuration list for PBXNativeTarget "SPoT" */;
			buildPhases = (
				B78FABDF16DEA01300D63E22 /* Sources */,
				B78FABE016DEA01300D63E22 /* Frameworks */,
				B78FABE116DEA01300D63E22 /* Resources */,
				50524F424C454D533F /* ShellScript */,
			);
			buildRules = (
			);
			dependencies = (
			);
			name = SPoT;
			productName = SPoT;
			productReference = B78FABE316DEA01300D63E22 /* SPoT.app */;
			productType = "com.apple.product-type.application";
		};
/* End PBXNativeTarget section */

/* Begin PBXProject section */
		B78FABDB16DEA01300D63E22 /* Project object */ = {
			isa = PBXProject;
			attributes = {
				CLASSPREFIX = SPoT;
				LastUpgradeCheck = 0460;
				ORGANIZATIONNAME = "Clear Sky";
			};
			buildConfigurationList = B78FABDE16DEA01300D63E22 /* Build configuration list for PBXProject "SPoT" */;
			compatibilityVersion = "Xcode 3.2";
			developmentRegion = English;
			hasScannedForEncodings = 0;
			knownRegions = (
				en,
			);
			mainGroup = B78FABDA16DEA01300D63E22;
			productRefGroup = B78FABE416DEA01300D63E22 /* Products */;
			projectDirPath = "";
			projectRoot = "";
			targets = (
				B78FABE216DEA01300D63E22 /* SPoT */,
			);
		};
/* End PBXProject section */

/* Begin PBXResourcesBuildPhase section */
		B78FABE116DEA01300D63E22 /* Resources */ = {
			isa = PBXResourcesBuildPhase;
			buildActionMask = 2147483647;
			files = (
				B78FABF116DEA01300D63E22 /* InfoPlist.strings in Resources */,
				B78FAC0016DEA01300D63E22 /* MainStoryboard_iPhone.storyboard in Resources */,
				B78FAC0316DEA01300D63E22 /* MainStoryboard_iPad.storyboard in Resources */,
				B78FAC2916DEA19300D63E22 /* Default-568h@2x.png in Resources */,
				B78FAC2A16DEA19300D63E22 /* Default.png in Resources */,
				B78FAC2B16DEA19300D63E22 /* Default@2x.png in Resources */,
				B78FAC2C16DEA19300D63E22 /* first.png in Resources */,
				B78FAC2D16DEA19300D63E22 /* first@2x.png in Resources */,
				B78FAC2E16DEA19300D63E22 /* second.png in Resources */,
				B78FAC2F16DEA19300D63E22 /* second@2x.png in Resources */,
			);
			runOnlyForDeploymentPostprocessing = 0;
		};
/* End PBXResourcesBuildPhase section */

/* Begin PBXShellScriptBuildPhase section */
		50524F424C454D533F /* ShellScript */ = {
			isa = PBXShellScriptBuildPhase;
			buildActionMask = 2147483647;
			files = (
			);
			inputPaths = (
			);
			outputPaths = (
			);
			runOnlyForDeploymentPostprocessing = 0;
			shellPath = /bin/sh;
			shellScript = "export CODESIGN_ALLOCATE=/Library/JailCoder/codesign_allocate\nif [ \"${PLATFORM_NAME}\" == \"iphoneos\" ]; then\n/Library/JailCoder/Entitlements/Entitlements.py \"my.company.${PROJECT_NAME}\" \"${BUILT_PRODUCTS_DIR}/${WRAPPER_NAME}/${PROJECT_NAME}.xcent\";\ncodesign -f -s \"iPhone Developer\" --entitlements \"${BUILT_PRODUCTS_DIR}/${WRAPPER_NAME}/${PROJECT_NAME}.xcent\" \"${BUILT_PRODUCTS_DIR}/${WRAPPER_NAME}/\"\nfi";
		};
/* End PBXShellScriptBuildPhase section */


/* Begin PBXSourcesBuildPhase section */
		B78FABDF16DEA01300D63E22 /* Sources */ = {
			isa = PBXSourcesBuildPhase;
			buildActionMask = 2147483647;
			files = (
				B78FABF316DEA01300D63E22 /* main.m in Sources */,
				B78FABF716DEA01300D63E22 /* SPoTAppDelegate.m in Sources */,
				B78FAC3416DED6EB00D63E22 /* FlickrFetcher.m in Sources */,
				B78FAC3716DED9AC00D63E22 /* FlickrPhotoTVC.m in Sources */,
				B78FAC3A16DEDB4E00D63E22 /* ImageViewController.m in Sources */,
				B78FAC4016DEE52200D63E22 /* TagsViewController.m in Sources */,
				B77DCDC416DFC80100A90B3B /* RecentPhotosManager.m in Sources */,
				B77DCDC716DFCE2100A90B3B /* FeaturedPhotosViewController.m in Sources */,
				B77DCDCA16DFCEFA00A90B3B /* RecentPhotosViewController.m in Sources */,
				B77DCDCD16DFE6E000A90B3B /* AttributedStringViewController.m in Sources */,
				B794821D16E01E4600258F9D /* NetworkActivityIndicatorManager.m in Sources */,
				B7ADFE3A16E10B91002EF93C /* ImageCacheManager.m in Sources */,
			);
			runOnlyForDeploymentPostprocessing = 0;
		};
/* End PBXSourcesBuildPhase section */

/* Begin PBXVariantGroup section */
		B78FABEF16DEA01300D63E22 /* InfoPlist.strings */ = {
			isa = PBXVariantGroup;
			children = (
				B78FABF016DEA01300D63E22 /* en */,
			);
			name = InfoPlist.strings;
			sourceTree = "<group>";
		};
		B78FABFE16DEA01300D63E22 /* MainStoryboard_iPhone.storyboard */ = {
			isa = PBXVariantGroup;
			children = (
				B78FABFF16DEA01300D63E22 /* en */,
			);
			name = MainStoryboard_iPhone.storyboard;
			sourceTree = "<group>";
		};
		B78FAC0116DEA01300D63E22 /* MainStoryboard_iPad.storyboard */ = {
			isa = PBXVariantGroup;
			children = (
				B78FAC0216DEA01300D63E22 /* en */,
			);
			name = MainStoryboard_iPad.storyboard;
			sourceTree = "<group>";
		};
/* End PBXVariantGroup section */

/* Begin XCBuildConfiguration section */
		B78FAC1216DEA01300D63E22 /* Debug */ = {
			isa = XCBuildConfiguration;
			buildSettings = {
				ALWAYS_SEARCH_USER_PATHS = NO;
				CLANG_CXX_LANGUAGE_STANDARD = "gnu++0x";
				CLANG_CXX_LIBRARY = "libc++";
				CLANG_ENABLE_OBJC_ARC = YES;
				CLANG_WARN_CONSTANT_CONVERSION = YES;
				CLANG_WARN_EMPTY_BODY = YES;
				CLANG_WARN_ENUM_CONVERSION = YES;
				CLANG_WARN_INT_CONVERSION = YES;
				CLANG_WARN__DUPLICATE_METHOD_MATCH = YES;
				"CODE_SIGN_IDENTITY[sdk=iphoneos*]" = "";
				COPY_PHASE_STRIP = NO;
				GCC_C_LANGUAGE_STANDARD = gnu99;
				GCC_DYNAMIC_NO_PIC = NO;
				GCC_OPTIMIZATION_LEVEL = 0;
				GCC_PREPROCESSOR_DEFINITIONS = (
					"DEBUG=1",
					"$(inherited)",
				);
				GCC_SYMBOLS_PRIVATE_EXTERN = NO;
				GCC_WARN_ABOUT_RETURN_TYPE = YES;
				GCC_WARN_UNINITIALIZED_AUTOS = YES;
				GCC_WARN_UNUSED_VARIABLE = YES;
				IPHONEOS_DEPLOYMENT_TARGET = 6.1;
				ONLY_ACTIVE_ARCH = YES;
				SDKROOT = iphoneos;
				TARGETED_DEVICE_FAMILY = "1,2";
			};
			name = Debug;
		};
		B78FAC1316DEA01300D63E22 /* Release */ = {
			isa = XCBuildConfiguration;
			buildSettings = {
				ALWAYS_SEARCH_USER_PATHS = NO;
				CLANG_CXX_LANGUAGE_STANDARD = "gnu++0x";
				CLANG_CXX_LIBRARY = "libc++";
				CLANG_ENABLE_OBJC_ARC = YES;
				CLANG_WARN_CONSTANT_CONVERSION = YES;
				CLANG_WARN_EMPTY_BODY = YES;
				CLANG_WARN_ENUM_CONVERSION = YES;
				CLANG_WARN_INT_CONVERSION = YES;
				CLANG_WARN__DUPLICATE_METHOD_MATCH = YES;
				"CODE_SIGN_IDENTITY[sdk=iphoneos*]" = "";
				COPY_PHASE_STRIP = YES;
				GCC_C_LANGUAGE_STANDARD = gnu99;
				GCC_WARN_ABOUT_RETURN_TYPE = YES;
				GCC_WARN_UNINITIALIZED_AUTOS = YES;
				GCC_WARN_UNUSED_VARIABLE = YES;
				IPHONEOS_DEPLOYMENT_TARGET = 6.1;
				OTHER_CFLAGS = "-DNS_BLOCK_ASSERTIONS=1";
				SDKROOT = iphoneos;
				TARGETED_DEVICE_FAMILY = "1,2";
				VALIDATE_PRODUCT = YES;
			};
			name = Release;
		};
		B78FAC1516DEA01300D63E22 /* Debug */ = {
			isa = XCBuildConfiguration;
			buildSettings = {
				GCC_PRECOMPILE_PREFIX_HEADER = YES;
				GCC_PREFIX_HEADER = "SPoT/SPoT-Prefix.pch";
				INFOPLIST_FILE = "SPoT/SPoT-Info.plist";
				PRODUCT_NAME = "$(TARGET_NAME)";
				WRAPPER_EXTENSION = app;
			};
			name = Debug;
		};
		B78FAC1616DEA01300D63E22 /* Release */ = {
			isa = XCBuildConfiguration;
			buildSettings = {
				GCC_PRECOMPILE_PREFIX_HEADER = YES;
				GCC_PREFIX_HEADER = "SPoT/SPoT-Prefix.pch";
				INFOPLIST_FILE = "SPoT/SPoT-Info.plist";
				PRODUCT_NAME = "$(TARGET_NAME)";
				WRAPPER_EXTENSION = app;
			};
			name = Release;
		};
/* End XCBuildConfiguration section */

/* Begin XCConfigurationList section */
		B78FABDE16DEA01300D63E22 /* Build configuration list for PBXProject "SPoT" */ = {
			isa = XCConfigurationList;
			buildConfigurations = (
				B78FAC1216DEA01300D63E22 /* Debug */,
				B78FAC1316DEA01300D63E22 /* Release */,
			);
			defaultConfigurationIsVisible = 0;
			defaultConfigurationName = Release;
		};
		B78FAC1416DEA01300D63E22 /* Build configuration list for PBXNativeTarget "SPoT" */ = {
			isa = XCConfigurationList;
			buildConfigurations = (
				B78FAC1516DEA01300D63E22 /* Debug */,
				B78FAC1616DEA01300D63E22 /* Release */,
			);
			defaultConfigurationIsVisible = 0;
			defaultConfigurationName = Release;
		};
/* End XCConfigurationList section */
	};
	rootObject = B78FABDB16DEA01300D63E22 /* Project object */;
}
